// !$*UTF8*$!
{
	archiveVersion = 1;
	classes = {
	};
	objectVersion = 46;
	objects = {

/* Begin PBXBuildFile section */
		3C19FDA658754A1B41469FCB /* Pods_RottenTomatoesWannabe.framework in Frameworks */ = {isa = PBXBuildFile; fileRef = B47A5B6717E7CA0336771C58 /* Pods_RottenTomatoesWannabe.framework */; };
		67060C491DAFDA600028D65A /* AppDelegate.swift in Sources */ = {isa = PBXBuildFile; fileRef = 67060C481DAFDA600028D65A /* AppDelegate.swift */; };
		67060C4B1DAFDA600028D65A /* MovieListViewController.swift in Sources */ = {isa = PBXBuildFile; fileRef = 67060C4A1DAFDA600028D65A /* MovieListViewController.swift */; };
		67060C4E1DAFDA600028D65A /* Main.storyboard in Resources */ = {isa = PBXBuildFile; fileRef = 67060C4C1DAFDA600028D65A /* Main.storyboard */; };
		67060C501DAFDA600028D65A /* Assets.xcassets in Resources */ = {isa = PBXBuildFile; fileRef = 67060C4F1DAFDA600028D65A /* Assets.xcassets */; };
		67060C531DAFDA600028D65A /* LaunchScreen.storyboard in Resources */ = {isa = PBXBuildFile; fileRef = 67060C511DAFDA600028D65A /* LaunchScreen.storyboard */; };
		6714A6691DB0BCAA00F975F3 /* MovieDetailsViewController.swift in Sources */ = {isa = PBXBuildFile; fileRef = 6714A6681DB0BCAA00F975F3 /* MovieDetailsViewController.swift */; };
		671A29051DB0BF0C00DAA08E /* MovieCell.swift in Sources */ = {isa = PBXBuildFile; fileRef = 671A29041DB0BF0C00DAA08E /* MovieCell.swift */; };
/* End PBXBuildFile section */

/* Begin PBXFileReference section */
		67060C451DAFDA600028D65A /* RottenTomatoesWannabe.app */ = {isa = PBXFileReference; explicitFileType = wrapper.application; includeInIndex = 0; path = RottenTomatoesWannabe.app; sourceTree = BUILT_PRODUCTS_DIR; };
		67060C481DAFDA600028D65A /* AppDelegate.swift */ = {isa = PBXFileReference; lastKnownFileType = sourcecode.swift; path = AppDelegate.swift; sourceTree = "<group>"; };
		67060C4A1DAFDA600028D65A /* MovieListViewController.swift */ = {isa = PBXFileReference; lastKnownFileType = sourcecode.swift; path = MovieListViewController.swift; sourceTree = "<group>"; };
		67060C4D1DAFDA600028D65A /* Base */ = {isa = PBXFileReference; lastKnownFileType = file.storyboard; name = Base; path = Base.lproj/Main.storyboard; sourceTree = "<group>"; };
		67060C4F1DAFDA600028D65A /* Assets.xcassets */ = {isa = PBXFileReference; lastKnownFileType = folder.assetcatalog; path = Assets.xcassets; sourceTree = "<group>"; };
		67060C521DAFDA600028D65A /* Base */ = {isa = PBXFileReference; lastKnownFileType = file.storyboard; name = Base; path = Base.lproj/LaunchScreen.storyboard; sourceTree = "<group>"; };
		67060C541DAFDA600028D65A /* Info.plist */ = {isa = PBXFileReference; lastKnownFileType = text.plist.xml; path = Info.plist; sourceTree = "<group>"; };
		6714A6681DB0BCAA00F975F3 /* MovieDetailsViewController.swift */ = {isa = PBXFileReference; fileEncoding = 4; lastKnownFileType = sourcecode.swift; path = MovieDetailsViewController.swift; sourceTree = "<group>"; };
		671A29041DB0BF0C00DAA08E /* MovieCell.swift */ = {isa = PBXFileReference; fileEncoding = 4; lastKnownFileType = sourcecode.swift; name = MovieCell.swift; path = ../MovieCell.swift; sourceTree = "<group>"; };
		7E62FE6B6F43F6FF11F9A5FD /* Pods-RottenTomatoesWannabe.debug.xcconfig */ = {isa = PBXFileReference; includeInIndex = 1; lastKnownFileType = text.xcconfig; name = "Pods-RottenTomatoesWannabe.debug.xcconfig"; path = "Pods/Target Support Files/Pods-RottenTomatoesWannabe/Pods-RottenTomatoesWannabe.debug.xcconfig"; sourceTree = "<group>"; };
		B47A5B6717E7CA0336771C58 /* Pods_RottenTomatoesWannabe.framework */ = {isa = PBXFileReference; explicitFileType = wrapper.framework; includeInIndex = 0; path = Pods_RottenTomatoesWannabe.framework; sourceTree = BUILT_PRODUCTS_DIR; };
		FD1411BB0E891F32F6406CED /* Pods-RottenTomatoesWannabe.release.xcconfig */ = {isa = PBXFileReference; includeInIndex = 1; lastKnownFileType = text.xcconfig; name = "Pods-RottenTomatoesWannabe.release.xcconfig"; path = "Pods/Target Support Files/Pods-RottenTomatoesWannabe/Pods-RottenTomatoesWannabe.release.xcconfig"; sourceTree = "<group>"; };
/* End PBXFileReference section */

/* Begin PBXFrameworksBuildPhase section */
		67060C421DAFDA600028D65A /* Frameworks */ = {
			isa = PBXFrameworksBuildPhase;
			buildActionMask = 2147483647;
			files = (
				3C19FDA658754A1B41469FCB /* Pods_RottenTomatoesWannabe.framework in Frameworks */,
			);
			runOnlyForDeploymentPostprocessing = 0;
		};
/* End PBXFrameworksBuildPhase section */

/* Begin PBXGroup section */
		46A9279BC6B4EC9BB3F206AE /* Pods */ = {
			isa = PBXGroup;
			children = (
				7E62FE6B6F43F6FF11F9A5FD /* Pods-RottenTomatoesWannabe.debug.xcconfig */,
				FD1411BB0E891F32F6406CED /* Pods-RottenTomatoesWannabe.release.xcconfig */,
			);
			name = Pods;
			sourceTree = "<group>";
		};
		67060C3C1DAFDA600028D65A = {
			isa = PBXGroup;
			children = (
				67060C471DAFDA600028D65A /* RottenTomatoesWannabe */,
				67060C461DAFDA600028D65A /* Products */,
				46A9279BC6B4EC9BB3F206AE /* Pods */,
				BAFDAC1D9C62AC5207EAE7B2 /* Frameworks */,
			);
			sourceTree = "<group>";
		};
		67060C461DAFDA600028D65A /* Products */ = {
			isa = PBXGroup;
			children = (
				67060C451DAFDA600028D65A /* RottenTomatoesWannabe.app */,
			);
			name = Products;
			sourceTree = "<group>";
		};
		67060C471DAFDA600028D65A /* RottenTomatoesWannabe */ = {
			isa = PBXGroup;
			children = (
				671A29061DB0BF3C00DAA08E /* Cells */,
				6714A6671DB0BC8000F975F3 /* View Controllers */,
				67060C481DAFDA600028D65A /* AppDelegate.swift */,
				67060C511DAFDA600028D65A /* LaunchScreen.storyboard */,
				67060C4C1DAFDA600028D65A /* Main.storyboard */,
				67060C4F1DAFDA600028D65A /* Assets.xcassets */,
				67060C541DAFDA600028D65A /* Info.plist */,
			);
			path = RottenTomatoesWannabe;
			sourceTree = "<group>";
		};
		6714A6671DB0BC8000F975F3 /* View Controllers */ = {
			isa = PBXGroup;
			children = (
				6714A6681DB0BCAA00F975F3 /* MovieDetailsViewController.swift */,
				67060C4A1DAFDA600028D65A /* MovieListViewController.swift */,
			);
			name = "View Controllers";
			sourceTree = "<group>";
		};
		671A29061DB0BF3C00DAA08E /* Cells */ = {
			isa = PBXGroup;
			children = (
				671A29041DB0BF0C00DAA08E /* MovieCell.swift */,
			);
			name = Cells;
			sourceTree = "<group>";
		};
		BAFDAC1D9C62AC5207EAE7B2 /* Frameworks */ = {
			isa = PBXGroup;
			children = (
				B47A5B6717E7CA0336771C58 /* Pods_RottenTomatoesWannabe.framework */,
			);
			name = Frameworks;
			sourceTree = "<group>";
		};
/* End PBXGroup section */

/* Begin PBXNativeTarget section */
		67060C441DAFDA600028D65A /* RottenTomatoesWannabe */ = {
			isa = PBXNativeTarget;
			buildConfigurationList = 67060C571DAFDA600028D65A /* Build configuration list for PBXNativeTarget "RottenTomatoesWannabe" */;
			buildPhases = (
				BF6CCADFC47B49D7C31AA0AC /* [CP] Check Pods Manifest.lock */,
				67060C411DAFDA600028D65A /* Sources */,
				67060C421DAFDA600028D65A /* Frameworks */,
				67060C431DAFDA600028D65A /* Resources */,
				4BD4CCFDA4E06B41CE16F43B /* [CP] Embed Pods Frameworks */,
				157BB2FFE430F7C583D22B34 /* [CP] Copy Pods Resources */,
			);
			buildRules = (
			);
			dependencies = (
			);
			name = RottenTomatoesWannabe;
			productName = RottenTomatoesWannabe;
			productReference = 67060C451DAFDA600028D65A /* RottenTomatoesWannabe.app */;
			productType = "com.apple.product-type.application";
		};
/* End PBXNativeTarget section */

/* Begin PBXProject section */
		67060C3D1DAFDA600028D65A /* Project object */ = {
			isa = PBXProject;
			attributes = {
				LastSwiftUpdateCheck = 0800;
				LastUpgradeCheck = 0800;
				ORGANIZATIONNAME = "Bianca Curutan";
				TargetAttributes = {
					67060C441DAFDA600028D65A = {
						CreatedOnToolsVersion = 8.0;
						ProvisioningStyle = Automatic;
					};
				};
			};
			buildConfigurationList = 67060C401DAFDA600028D65A /* Build configuration list for PBXProject "RottenTomatoesWannabe" */;
			compatibilityVersion = "Xcode 3.2";
			developmentRegion = English;
			hasScannedForEncodings = 0;
			knownRegions = (
				en,
				Base,
			);
			mainGroup = 67060C3C1DAFDA600028D65A;
			productRefGroup = 67060C461DAFDA600028D65A /* Products */;
			projectDirPath = "";
			projectRoot = "";
			targets = (
				67060C441DAFDA600028D65A /* RottenTomatoesWannabe */,
			);
		};
/* End PBXProject section */

/* Begin PBXResourcesBuildPhase section */
		67060C431DAFDA600028D65A /* Resources */ = {
			isa = PBXResourcesBuildPhase;
			buildActionMask = 2147483647;
			files = (
				67060C531DAFDA600028D65A /* LaunchScreen.storyboard in Resources */,
				67060C501DAFDA600028D65A /* Assets.xcassets in Resources */,
				67060C4E1DAFDA600028D65A /* Main.storyboard in Resources */,
			);
			runOnlyForDeploymentPostprocessing = 0;
		};
/* End PBXResourcesBuildPhase section */

/* Begin PBXShellScriptBuildPhase section */
		157BB2FFE430F7C583D22B34 /* [CP] Copy Pods Resources */ = {
			isa = PBXShellScriptBuildPhase;
			buildActionMask = 2147483647;
			files = (
			);
			inputPaths = (
			);
			name = "[CP] Copy Pods Resources";
			outputPaths = (
			);
			runOnlyForDeploymentPostprocessing = 0;
			shellPath = /bin/sh;
			shellScript = "\"${SRCROOT}/Pods/Target Support Files/Pods-RottenTomatoesWannabe/Pods-RottenTomatoesWannabe-resources.sh\"\n";
			showEnvVarsInLog = 0;
		};
		4BD4CCFDA4E06B41CE16F43B /* [CP] Embed Pods Frameworks */ = {
			isa = PBXShellScriptBuildPhase;
			buildActionMask = 2147483647;
			files = (
			);
			inputPaths = (
			);
			name = "[CP] Embed Pods Frameworks";
			outputPaths = (
			);
			runOnlyForDeploymentPostprocessing = 0;
			shellPath = /bin/sh;
			shellScript = "\"${SRCROOT}/Pods/Target Support Files/Pods-RottenTomatoesWannabe/Pods-RottenTomatoesWannabe-frameworks.sh\"\n";
			showEnvVarsInLog = 0;
		};
		BF6CCADFC47B49D7C31AA0AC /* [CP] Check Pods Manifest.lock */ = {
			isa = PBXShellScriptBuildPhase;
			buildActionMask = 2147483647;
			files = (
			);
			inputPaths = (
			);
			name = "[CP] Check Pods Manifest.lock";
			outputPaths = (
			);
			runOnlyForDeploymentPostprocessing = 0;
			shellPath = /bin/sh;
			shellScript = "diff \"${PODS_ROOT}/../Podfile.lock\" \"${PODS_ROOT}/Manifest.lock\" > /dev/null\nif [[ $? != 0 ]] ; then\n    cat << EOM\nerror: The sandbox is not in sync with the Podfile.lock. Run 'pod install' or update your CocoaPods installation.\nEOM\n    exit 1\nfi\n";
			showEnvVarsInLog = 0;
		};
/* End PBXShellScriptBuildPhase section */

/* Begin PBXSourcesBuildPhase section */
		67060C411DAFDA600028D65A /* Sources */ = {
			isa = PBXSourcesBuildPhase;
			buildActionMask = 2147483647;
			files = (
				67060C4B1DAFDA600028D65A /* MovieListViewController.swift in Sources */,
				67060C491DAFDA600028D65A /* AppDelegate.swift in Sources */,
				671A29051DB0BF0C00DAA08E /* MovieCell.swift in Sources */,
				6714A6691DB0BCAA00F975F3 /* MovieDetailsViewController.swift in Sources */,
			);
			runOnlyForDeploymentPostprocessing = 0;
		};
/* End PBXSourcesBuildPhase section */

/* Begin PBXVariantGroup section */
		67060C4C1DAFDA600028D65A /* Main.storyboard */ = {
			isa = PBXVariantGroup;
			children = (
				67060C4D1DAFDA600028D65A /* Base */,
			);
			name = Main.storyboard;
			sourceTree = "<group>";
		};
		67060C511DAFDA600028D65A /* LaunchScreen.storyboard */ = {
			isa = PBXVariantGroup;
			children = (
				67060C521DAFDA600028D65A /* Base */,
			);
			name = LaunchScreen.storyboard;
			sourceTree = "<group>";
		};
/* End PBXVariantGroup section */

/* Begin XCBuildConfiguration section */
		67060C551DAFDA600028D65A /* Debug */ = {
			isa = XCBuildConfiguration;
			buildSettings = {
				ALWAYS_SEARCH_USER_PATHS = NO;
				CLANG_ANALYZER_NONNULL = YES;
				CLANG_CXX_LANGUAGE_STANDARD = "gnu++0x";
				CLANG_CXX_LIBRARY = "libc++";
				CLANG_ENABLE_MODULES = YES;
				CLANG_ENABLE_OBJC_ARC = YES;
				CLANG_WARN_BOOL_CONVERSION = YES;
				CLANG_WARN_CONSTANT_CONVERSION = YES;
				CLANG_WARN_DIRECT_OBJC_ISA_USAGE = YES_ERROR;
				CLANG_WARN_DOCUMENTATION_COMMENTS = YES;
				CLANG_WARN_EMPTY_BODY = YES;
				CLANG_WARN_ENUM_CONVERSION = YES;
				CLANG_WARN_INFINITE_RECURSION = YES;
				CLANG_WARN_INT_CONVERSION = YES;
				CLANG_WARN_OBJC_ROOT_CLASS = YES_ERROR;
				CLANG_WARN_SUSPICIOUS_MOVES = YES;
				CLANG_WARN_UNREACHABLE_CODE = YES;
				CLANG_WARN__DUPLICATE_METHOD_MATCH = YES;
				"CODE_SIGN_IDENTITY[sdk=iphoneos*]" = "iPhone Developer";
				COPY_PHASE_STRIP = NO;
				DEBUG_INFORMATION_FORMAT = dwarf;
				ENABLE_STRICT_OBJC_MSGSEND = YES;
				ENABLE_TESTABILITY = YES;
				GCC_C_LANGUAGE_STANDARD = gnu99;
				GCC_DYNAMIC_NO_PIC = NO;
				GCC_NO_COMMON_BLOCKS = YES;
				GCC_OPTIMIZATION_LEVEL = 0;
				GCC_PREPROCESSOR_DEFINITIONS = (
					"DEBUG=1",
					"$(inherited)",
				);
				GCC_WARN_64_TO_32_BIT_CONVERSION = YES;
				GCC_WARN_ABOUT_RETURN_TYPE = YES_ERROR;
				GCC_WARN_UNDECLARED_SELECTOR = YES;
				GCC_WARN_UNINITIALIZED_AUTOS = YES_AGGRESSIVE;
				GCC_WARN_UNUSED_FUNCTION = YES;
				GCC_WARN_UNUSED_VARIABLE = YES;
				IPHONEOS_DEPLOYMENT_TARGET = 10.0;
				MTL_ENABLE_DEBUG_INFO = YES;
				ONLY_ACTIVE_ARCH = YES;
				SDKROOT = iphoneos;
				SWIFT_ACTIVE_COMPILATION_CONDITIONS = DEBUG;
				SWIFT_OPTIMIZATION_LEVEL = "-Onone";
				TARGETED_DEVICE_FAMILY = "1,2";
			};
			name = Debug;
		};
		67060C561DAFDA600028D65A /* Release */ = {
			isa = XCBuildConfiguration;
			buildSettings = {
				ALWAYS_SEARCH_USER_PATHS = NO;
				CLANG_ANALYZER_NONNULL = YES;
				CLANG_CXX_LANGUAGE_STANDARD = "gnu++0x";
				CLANG_CXX_LIBRARY = "libc++";
				CLANG_ENABLE_MODULES = YES;
				CLANG_ENABLE_OBJC_ARC = YES;
				CLANG_WARN_BOOL_CONVERSION = YES;
				CLANG_WARN_CONSTANT_CONVERSION = YES;
				CLANG_WARN_DIRECT_OBJC_ISA_USAGE = YES_ERROR;
				CLANG_WARN_DOCUMENTATION_COMMENTS = YES;
				CLANG_WARN_EMPTY_BODY = YES;
				CLANG_WARN_ENUM_CONVERSION = YES;
				CLANG_WARN_INFINITE_RECURSION = YES;
				CLANG_WARN_INT_CONVERSION = YES;
				CLANG_WARN_OBJC_ROOT_CLASS = YES_ERROR;
				CLANG_WARN_SUSPICIOUS_MOVES = YES;
				CLANG_WARN_UNREACHABLE_CODE = YES;
				CLANG_WARN__DUPLICATE_METHOD_MATCH = YES;
				"CODE_SIGN_IDENTITY[sdk=iphoneos*]" = "iPhone Developer";
				COPY_PHASE_STRIP = NO;
				DEBUG_INFORMATION_FORMAT = "dwarf-with-dsym";
				ENABLE_NS_ASSERTIONS = NO;
				ENABLE_STRICT_OBJC_MSGSEND = YES;
				GCC_C_LANGUAGE_STANDARD = gnu99;
				GCC_NO_COMMON_BLOCKS = YES;
				GCC_WARN_64_TO_32_BIT_CONVERSION = YES;
				GCC_WARN_ABOUT_RETURN_TYPE = YES_ERROR;
				GCC_WARN_UNDECLARED_SELECTOR = YES;
				GCC_WARN_UNINITIALIZED_AUTOS = YES_AGGRESSIVE;
				GCC_WARN_UNUSED_FUNCTION = YES;
				GCC_WARN_UNUSED_VARIABLE = YES;
				IPHONEOS_DEPLOYMENT_TARGET = 10.0;
				MTL_ENABLE_DEBUG_INFO = NO;
				SDKROOT = iphoneos;
				SWIFT_OPTIMIZATION_LEVEL = "-Owholemodule";
				TARGETED_DEVICE_FAMILY = "1,2";
				VALIDATE_PRODUCT = YES;
			};
			name = Release;
		};
		67060C581DAFDA600028D65A /* Debug */ = {
			isa = XCBuildConfiguration;
			baseConfigurationReference = 7E62FE6B6F43F6FF11F9A5FD /* Pods-RottenTomatoesWannabe.debug.xcconfig */;
			buildSettings = {
				ASSETCATALOG_COMPILER_APPICON_NAME = AppIcon;
				INFOPLIST_FILE = RottenTomatoesWannabe/Info.plist;
				LD_RUNPATH_SEARCH_PATHS = "$(inherited) @executable_path/Frameworks";
				PRODUCT_BUNDLE_IDENTIFIER = com.bmcurutan.RottenTomatoesWannabe;
				PRODUCT_NAME = "$(TARGET_NAME)";
				SWIFT_VERSION = 3.0;
			};
			name = Debug;
		};
		67060C591DAFDA600028D65A /* Release */ = {
			isa = XCBuildConfiguration;
			baseConfigurationReference = FD1411BB0E891F32F6406CED /* Pods-RottenTomatoesWannabe.release.xcconfig */;
			buildSettings = {
				ASSETCATALOG_COMPILER_APPICON_NAME = AppIcon;
				INFOPLIST_FILE = RottenTomatoesWannabe/Info.plist;
				LD_RUNPATH_SEARCH_PATHS = "$(inherited) @executable_path/Frameworks";
				PRODUCT_BUNDLE_IDENTIFIER = com.bmcurutan.RottenTomatoesWannabe;
				PRODUCT_NAME = "$(TARGET_NAME)";
				SWIFT_VERSION = 3.0;
			};
			name = Release;
		};
/* End XCBuildConfiguration section */

/* Begin XCConfigurationList section */
		67060C401DAFDA600028D65A /* Build configuration list for PBXProject "RottenTomatoesWannabe" */ = {
			isa = XCConfigurationList;
			buildConfigurations = (
				67060C551DAFDA600028D65A /* Debug */,
				67060C561DAFDA600028D65A /* Release */,
			);
			defaultConfigurationIsVisible = 0;
			defaultConfigurationName = Release;
		};
		67060C571DAFDA600028D65A /* Build configuration list for PBXNativeTarget "RottenTomatoesWannabe" */ = {
			isa = XCConfigurationList;
			buildConfigurations = (
				67060C581DAFDA600028D65A /* Debug */,
				67060C591DAFDA600028D65A /* Release */,
			);
			defaultConfigurationIsVisible = 0;
			defaultConfigurationName = Release;
		};
/* End XCConfigurationList section */
	};
	rootObject = 67060C3D1DAFDA600028D65A /* Project object */;
}
